
Microsoft Visual Studio Solution File, Format Version 12.00
# Visual Studio Version 16
VisualStudioVersion = 16.0.31702.278
MinimumVisualStudioVersion = 10.0.40219.1
Project("{FAE04EC0-301F-11D3-BF4B-00C04F79EFBC}") = "WindowsFormsApp3", "WindowsFormsApp3\WindowsFormsApp3.csproj", "{64C0A55C-170D-459B-A749-C39C15DD123A}"
EndProject
Global
	GlobalSection(SolutionConfigurationPlatforms) = preSolution
		Debug|Any CPU = Debug|Any CPU
		Release|Any CPU = Release|Any CPU
	EndGlobalSection
	GlobalSection(ProjectConfigurationPlatforms) = postSolution
		{64C0A55C-170D-459B-A749-C39C15DD123A}.Debug|Any CPU.ActiveCfg = Debug|Any CPU
		{64C0A55C-170D-459B-A749-C39C15DD123A}.Debug|Any CPU.Build.0 = Debug|Any CPU
		{64C0A55C-170D-459B-A749-C39C15DD123A}.Release|Any CPU.ActiveCfg = Release|Any CPU
		{64C0A55C-170D-459B-A749-C39C15DD123A}.Release|Any CPU.Build.0 = Release|Any CPU
	EndGlobalSection
	GlobalSection(SolutionProperties) = preSolution
		HideSolutionNode = FALSE
	EndGlobalSection
	GlobalSection(ExtensibilityGlobals) = postSolution
		SolutionGuid = {B30F042D-78B5-4D47-A293-433C45F339C1}
	EndGlobalSection
EndGlobal
